
Microsoft Visual Studio Solution File, Format Version 12.00
# Visual Studio Version 17
VisualStudioVersion = 17.7.34024.191
MinimumVisualStudioVersion = 10.0.40219.1
Project("{2150E333-8FDC-42A3-9474-1A3956D46DE8}") = "Solution Items", "Solution Items", "{5EB42784-2268-4E72-87D8-FD842E59D316}"
	ProjectSection(SolutionItems) = preProject
		docker-compose.override.yml = docker-compose.override.yml
		docker-compose.yml = docker-compose.yml
		Readme.txt = Readme.txt
	EndProjectSection
EndProject
Project("{2150E333-8FDC-42A3-9474-1A3956D46DE8}") = "src", "src", "{D8864EA9-B143-4E3C-BA1C-5DDA395723AF}"
EndProject
Project("{2150E333-8FDC-42A3-9474-1A3956D46DE8}") = "ApiGateways", "ApiGateways", "{CDE27761-E966-4AB0-8986-94B4F18186B3}"
EndProject
Project("{2150E333-8FDC-42A3-9474-1A3956D46DE8}") = "BuildingBlocks", "BuildingBlocks", "{F1B48488-9069-4A15-9C22-90A275ECA75A}"
EndProject
Project("{2150E333-8FDC-42A3-9474-1A3956D46DE8}") = "WebApps", "WebApps", "{FEF7C147-D8DC-41EA-B2CD-9E5754E31DD7}"
EndProject
Project("{2150E333-8FDC-42A3-9474-1A3956D46DE8}") = "Services", "Services", "{E76DF78C-C1BE-4B91-836F-D338DB741D1B}"
EndProject
Project("{2150E333-8FDC-42A3-9474-1A3956D46DE8}") = "tests", "tests", "{FAAB982B-EE60-43A1-A734-138AAC17A785}"
EndProject
Project("{9A19103F-16F7-4668-BE54-9A1E7A4F7556}") = "Common.Logging", "src\BuildingBlocks\Common.Logging\Common.Logging.csproj", "{F20F5B84-9533-4CEF-93F7-D1FD9CD61ADD}"
EndProject
Project("{9A19103F-16F7-4668-BE54-9A1E7A4F7556}") = "EventBus.Messages", "src\BuildingBlocks\EventBus.Messages\EventBus.Messages.csproj", "{F47CBF5D-095F-4AD1-A068-88C5B8FAEE15}"
EndProject
Project("{2150E333-8FDC-42A3-9474-1A3956D46DE8}") = "Basket", "Basket", "{BB8A883B-7720-46EC-B440-6E4276D8C442}"
EndProject
Project("{2150E333-8FDC-42A3-9474-1A3956D46DE8}") = "Customer", "Customer", "{2CD56AA8-32C7-41A8-B53F-46FFC9B1E4D4}"
EndProject
Project("{2150E333-8FDC-42A3-9474-1A3956D46DE8}") = "Ordering", "Ordering", "{BD3E0EBF-AD29-4DEC-B6F4-09E800789178}"
EndProject
Project("{2150E333-8FDC-42A3-9474-1A3956D46DE8}") = "Product", "Product", "{117A44F1-CE0F-4D68-9BD9-D2E8DF26C707}"
EndProject
Project("{2150E333-8FDC-42A3-9474-1A3956D46DE8}") = "Inventory", "Inventory", "{4A2E3A8D-D8C1-475C-B923-00AB940BE8BD}"
EndProject
Project("{2150E333-8FDC-42A3-9474-1A3956D46DE8}") = "ScheduledJob", "ScheduledJob", "{21AA8B60-8215-464B-AF4A-C3067BAB2748}"
EndProject
Project("{9A19103F-16F7-4668-BE54-9A1E7A4F7556}") = "WebHealthStatus", "src\WebApps\WebHealthStatus\WebHealthStatus.csproj", "{F48E37EA-749C-4FBC-917F-267D21DC049A}"
EndProject
Project("{9A19103F-16F7-4668-BE54-9A1E7A4F7556}") = "Basket.API", "src\Services\Basket.API\Basket.API.csproj", "{90424331-1232-44E3-81B1-CB950E447A85}"
EndProject
Project("{9A19103F-16F7-4668-BE54-9A1E7A4F7556}") = "Customer.API", "src\Services\Customer.API\Customer.API.csproj", "{24658766-97B1-44B9-9FF3-820073573EF6}"
EndProject
Project("{9A19103F-16F7-4668-BE54-9A1E7A4F7556}") = "Inventory.Product.API", "src\Services\Inventory.Product.API\Inventory.Product.API.csproj", "{1CFB83E1-6DE9-401A-B6BF-19D99ABAC19C}"
EndProject
Project("{9A19103F-16F7-4668-BE54-9A1E7A4F7556}") = "Hangfire.API", "src\Services\Hangfire.API\Hangfire.API.csproj", "{4A1E4C35-E1A5-4C00-830D-4F079261DE56}"
EndProject
Project("{9A19103F-16F7-4668-BE54-9A1E7A4F7556}") = "Contracts", "src\BuildingBlocks\Contracts\Contracts.csproj", "{FB551240-C938-4520-B8B9-FC3D98DD6B50}"
EndProject
Project("{9A19103F-16F7-4668-BE54-9A1E7A4F7556}") = "Infrastructure", "src\BuildingBlocks\Infrastructure\Infrastructure.csproj", "{4E432319-F49E-4B18-80A2-F76635F81AC6}"
EndProject
Project("{9A19103F-16F7-4668-BE54-9A1E7A4F7556}") = "Shared", "src\BuildingBlocks\Shared\Shared.csproj", "{F03B2EB1-CED5-4255-A6C7-CA0EABCD7194}"
EndProject
Project("{9A19103F-16F7-4668-BE54-9A1E7A4F7556}") = "OcelotApiApiGw", "src\ApiGateways\OcelotApiApiGw\OcelotApiApiGw.csproj", "{BAF7929E-A1F2-451A-8435-ECDACA4D743A}"
EndProject
Project("{9A19103F-16F7-4668-BE54-9A1E7A4F7556}") = "Product.API", "src\Services\Product.API\Product.API.csproj", "{9742628A-D83E-46FE-B8DF-3A5248F17A8D}"
EndProject
Project("{9A19103F-16F7-4668-BE54-9A1E7A4F7556}") = "Ordering.API", "src\Services\Ordering\Ordering.API\Ordering.API.csproj", "{42D9F50E-5E56-4A9C-A35D-CF74514119B2}"
EndProject
Project("{9A19103F-16F7-4668-BE54-9A1E7A4F7556}") = "Ordering.Application", "src\Services\Ordering\Ordering.Application\Ordering.Application.csproj", "{3A2E6E27-0D2D-4E26-A66D-EC22EE6FC40D}"
EndProject
Project("{9A19103F-16F7-4668-BE54-9A1E7A4F7556}") = "Ordering.Domain", "src\Services\Ordering\Ordering.Domain\Ordering.Domain.csproj", "{200D48C7-62FF-4572-838D-403B672C8916}"
EndProject
Project("{9A19103F-16F7-4668-BE54-9A1E7A4F7556}") = "Ordering.Infrastructure", "src\Services\Ordering\Ordering.Infrastructure\Ordering.Infrastructure.csproj", "{A7B42BE4-EA2E-422E-9CC3-8989FE1A52A7}"
EndProject
Global
	GlobalSection(SolutionConfigurationPlatforms) = preSolution
		Debug|Any CPU = Debug|Any CPU
		Release|Any CPU = Release|Any CPU
	EndGlobalSection
	GlobalSection(ProjectConfigurationPlatforms) = postSolution
		{F20F5B84-9533-4CEF-93F7-D1FD9CD61ADD}.Debug|Any CPU.ActiveCfg = Debug|Any CPU
		{F20F5B84-9533-4CEF-93F7-D1FD9CD61ADD}.Debug|Any CPU.Build.0 = Debug|Any CPU
		{F20F5B84-9533-4CEF-93F7-D1FD9CD61ADD}.Release|Any CPU.ActiveCfg = Release|Any CPU
		{F20F5B84-9533-4CEF-93F7-D1FD9CD61ADD}.Release|Any CPU.Build.0 = Release|Any CPU
		{F47CBF5D-095F-4AD1-A068-88C5B8FAEE15}.Debug|Any CPU.ActiveCfg = Debug|Any CPU
		{F47CBF5D-095F-4AD1-A068-88C5B8FAEE15}.Debug|Any CPU.Build.0 = Debug|Any CPU
		{F47CBF5D-095F-4AD1-A068-88C5B8FAEE15}.Release|Any CPU.ActiveCfg = Release|Any CPU
		{F47CBF5D-095F-4AD1-A068-88C5B8FAEE15}.Release|Any CPU.Build.0 = Release|Any CPU
		{F48E37EA-749C-4FBC-917F-267D21DC049A}.Debug|Any CPU.ActiveCfg = Debug|Any CPU
		{F48E37EA-749C-4FBC-917F-267D21DC049A}.Debug|Any CPU.Build.0 = Debug|Any CPU
		{F48E37EA-749C-4FBC-917F-267D21DC049A}.Release|Any CPU.ActiveCfg = Release|Any CPU
		{F48E37EA-749C-4FBC-917F-267D21DC049A}.Release|Any CPU.Build.0 = Release|Any CPU
		{90424331-1232-44E3-81B1-CB950E447A85}.Debug|Any CPU.ActiveCfg = Debug|Any CPU
		{90424331-1232-44E3-81B1-CB950E447A85}.Debug|Any CPU.Build.0 = Debug|Any CPU
		{90424331-1232-44E3-81B1-CB950E447A85}.Release|Any CPU.ActiveCfg = Release|Any CPU
		{90424331-1232-44E3-81B1-CB950E447A85}.Release|Any CPU.Build.0 = Release|Any CPU
		{24658766-97B1-44B9-9FF3-820073573EF6}.Debug|Any CPU.ActiveCfg = Debug|Any CPU
		{24658766-97B1-44B9-9FF3-820073573EF6}.Debug|Any CPU.Build.0 = Debug|Any CPU
		{24658766-97B1-44B9-9FF3-820073573EF6}.Release|Any CPU.ActiveCfg = Release|Any CPU
		{24658766-97B1-44B9-9FF3-820073573EF6}.Release|Any CPU.Build.0 = Release|Any CPU
		{1CFB83E1-6DE9-401A-B6BF-19D99ABAC19C}.Debug|Any CPU.ActiveCfg = Debug|Any CPU
		{1CFB83E1-6DE9-401A-B6BF-19D99ABAC19C}.Debug|Any CPU.Build.0 = Debug|Any CPU
		{1CFB83E1-6DE9-401A-B6BF-19D99ABAC19C}.Release|Any CPU.ActiveCfg = Release|Any CPU
		{1CFB83E1-6DE9-401A-B6BF-19D99ABAC19C}.Release|Any CPU.Build.0 = Release|Any CPU
		{4A1E4C35-E1A5-4C00-830D-4F079261DE56}.Debug|Any CPU.ActiveCfg = Debug|Any CPU
		{4A1E4C35-E1A5-4C00-830D-4F079261DE56}.Debug|Any CPU.Build.0 = Debug|Any CPU
		{4A1E4C35-E1A5-4C00-830D-4F079261DE56}.Release|Any CPU.ActiveCfg = Release|Any CPU
		{4A1E4C35-E1A5-4C00-830D-4F079261DE56}.Release|Any CPU.Build.0 = Release|Any CPU
		{FB551240-C938-4520-B8B9-FC3D98DD6B50}.Debug|Any CPU.ActiveCfg = Debug|Any CPU
		{FB551240-C938-4520-B8B9-FC3D98DD6B50}.Debug|Any CPU.Build.0 = Debug|Any CPU
		{FB551240-C938-4520-B8B9-FC3D98DD6B50}.Release|Any CPU.ActiveCfg = Release|Any CPU
		{FB551240-C938-4520-B8B9-FC3D98DD6B50}.Release|Any CPU.Build.0 = Release|Any CPU
		{4E432319-F49E-4B18-80A2-F76635F81AC6}.Debug|Any CPU.ActiveCfg = Debug|Any CPU
		{4E432319-F49E-4B18-80A2-F76635F81AC6}.Debug|Any CPU.Build.0 = Debug|Any CPU
		{4E432319-F49E-4B18-80A2-F76635F81AC6}.Release|Any CPU.ActiveCfg = Release|Any CPU
		{4E432319-F49E-4B18-80A2-F76635F81AC6}.Release|Any CPU.Build.0 = Release|Any CPU
		{F03B2EB1-CED5-4255-A6C7-CA0EABCD7194}.Debug|Any CPU.ActiveCfg = Debug|Any CPU
		{F03B2EB1-CED5-4255-A6C7-CA0EABCD7194}.Debug|Any CPU.Build.0 = Debug|Any CPU
		{F03B2EB1-CED5-4255-A6C7-CA0EABCD7194}.Release|Any CPU.ActiveCfg = Release|Any CPU
		{F03B2EB1-CED5-4255-A6C7-CA0EABCD7194}.Release|Any CPU.Build.0 = Release|Any CPU
		{BAF7929E-A1F2-451A-8435-ECDACA4D743A}.Debug|Any CPU.ActiveCfg = Debug|Any CPU
		{BAF7929E-A1F2-451A-8435-ECDACA4D743A}.Debug|Any CPU.Build.0 = Debug|Any CPU
		{BAF7929E-A1F2-451A-8435-ECDACA4D743A}.Release|Any CPU.ActiveCfg = Release|Any CPU
		{BAF7929E-A1F2-451A-8435-ECDACA4D743A}.Release|Any CPU.Build.0 = Release|Any CPU
		{9742628A-D83E-46FE-B8DF-3A5248F17A8D}.Debug|Any CPU.ActiveCfg = Debug|Any CPU
		{9742628A-D83E-46FE-B8DF-3A5248F17A8D}.Debug|Any CPU.Build.0 = Debug|Any CPU
		{9742628A-D83E-46FE-B8DF-3A5248F17A8D}.Release|Any CPU.ActiveCfg = Release|Any CPU
		{9742628A-D83E-46FE-B8DF-3A5248F17A8D}.Release|Any CPU.Build.0 = Release|Any CPU
		{42D9F50E-5E56-4A9C-A35D-CF74514119B2}.Debug|Any CPU.ActiveCfg = Debug|Any CPU
		{42D9F50E-5E56-4A9C-A35D-CF74514119B2}.Debug|Any CPU.Build.0 = Debug|Any CPU
		{42D9F50E-5E56-4A9C-A35D-CF74514119B2}.Release|Any CPU.ActiveCfg = Release|Any CPU
		{42D9F50E-5E56-4A9C-A35D-CF74514119B2}.Release|Any CPU.Build.0 = Release|Any CPU
		{3A2E6E27-0D2D-4E26-A66D-EC22EE6FC40D}.Debug|Any CPU.ActiveCfg = Debug|Any CPU
		{3A2E6E27-0D2D-4E26-A66D-EC22EE6FC40D}.Debug|Any CPU.Build.0 = Debug|Any CPU
		{3A2E6E27-0D2D-4E26-A66D-EC22EE6FC40D}.Release|Any CPU.ActiveCfg = Release|Any CPU
		{3A2E6E27-0D2D-4E26-A66D-EC22EE6FC40D}.Release|Any CPU.Build.0 = Release|Any CPU
		{200D48C7-62FF-4572-838D-403B672C8916}.Debug|Any CPU.ActiveCfg = Debug|Any CPU
		{200D48C7-62FF-4572-838D-403B672C8916}.Debug|Any CPU.Build.0 = Debug|Any CPU
		{200D48C7-62FF-4572-838D-403B672C8916}.Release|Any CPU.ActiveCfg = Release|Any CPU
		{200D48C7-62FF-4572-838D-403B672C8916}.Release|Any CPU.Build.0 = Release|Any CPU
		{A7B42BE4-EA2E-422E-9CC3-8989FE1A52A7}.Debug|Any CPU.ActiveCfg = Debug|Any CPU
		{A7B42BE4-EA2E-422E-9CC3-8989FE1A52A7}.Debug|Any CPU.Build.0 = Debug|Any CPU
		{A7B42BE4-EA2E-422E-9CC3-8989FE1A52A7}.Release|Any CPU.ActiveCfg = Release|Any CPU
		{A7B42BE4-EA2E-422E-9CC3-8989FE1A52A7}.Release|Any CPU.Build.0 = Release|Any CPU
	EndGlobalSection
	GlobalSection(SolutionProperties) = preSolution
		HideSolutionNode = FALSE
	EndGlobalSection
	GlobalSection(NestedProjects) = preSolution
		{CDE27761-E966-4AB0-8986-94B4F18186B3} = {D8864EA9-B143-4E3C-BA1C-5DDA395723AF}
		{F1B48488-9069-4A15-9C22-90A275ECA75A} = {D8864EA9-B143-4E3C-BA1C-5DDA395723AF}
		{FEF7C147-D8DC-41EA-B2CD-9E5754E31DD7} = {D8864EA9-B143-4E3C-BA1C-5DDA395723AF}
		{E76DF78C-C1BE-4B91-836F-D338DB741D1B} = {D8864EA9-B143-4E3C-BA1C-5DDA395723AF}
		{F20F5B84-9533-4CEF-93F7-D1FD9CD61ADD} = {F1B48488-9069-4A15-9C22-90A275ECA75A}
		{F47CBF5D-095F-4AD1-A068-88C5B8FAEE15} = {F1B48488-9069-4A15-9C22-90A275ECA75A}
		{BB8A883B-7720-46EC-B440-6E4276D8C442} = {E76DF78C-C1BE-4B91-836F-D338DB741D1B}
		{2CD56AA8-32C7-41A8-B53F-46FFC9B1E4D4} = {E76DF78C-C1BE-4B91-836F-D338DB741D1B}
		{BD3E0EBF-AD29-4DEC-B6F4-09E800789178} = {E76DF78C-C1BE-4B91-836F-D338DB741D1B}
		{117A44F1-CE0F-4D68-9BD9-D2E8DF26C707} = {E76DF78C-C1BE-4B91-836F-D338DB741D1B}
		{4A2E3A8D-D8C1-475C-B923-00AB940BE8BD} = {E76DF78C-C1BE-4B91-836F-D338DB741D1B}
		{21AA8B60-8215-464B-AF4A-C3067BAB2748} = {E76DF78C-C1BE-4B91-836F-D338DB741D1B}
		{F48E37EA-749C-4FBC-917F-267D21DC049A} = {FEF7C147-D8DC-41EA-B2CD-9E5754E31DD7}
		{90424331-1232-44E3-81B1-CB950E447A85} = {BB8A883B-7720-46EC-B440-6E4276D8C442}
		{24658766-97B1-44B9-9FF3-820073573EF6} = {2CD56AA8-32C7-41A8-B53F-46FFC9B1E4D4}
		{1CFB83E1-6DE9-401A-B6BF-19D99ABAC19C} = {4A2E3A8D-D8C1-475C-B923-00AB940BE8BD}
		{4A1E4C35-E1A5-4C00-830D-4F079261DE56} = {21AA8B60-8215-464B-AF4A-C3067BAB2748}
		{FB551240-C938-4520-B8B9-FC3D98DD6B50} = {F1B48488-9069-4A15-9C22-90A275ECA75A}
		{4E432319-F49E-4B18-80A2-F76635F81AC6} = {F1B48488-9069-4A15-9C22-90A275ECA75A}
		{F03B2EB1-CED5-4255-A6C7-CA0EABCD7194} = {F1B48488-9069-4A15-9C22-90A275ECA75A}
		{BAF7929E-A1F2-451A-8435-ECDACA4D743A} = {CDE27761-E966-4AB0-8986-94B4F18186B3}
		{9742628A-D83E-46FE-B8DF-3A5248F17A8D} = {117A44F1-CE0F-4D68-9BD9-D2E8DF26C707}
		{42D9F50E-5E56-4A9C-A35D-CF74514119B2} = {BD3E0EBF-AD29-4DEC-B6F4-09E800789178}
		{3A2E6E27-0D2D-4E26-A66D-EC22EE6FC40D} = {BD3E0EBF-AD29-4DEC-B6F4-09E800789178}
		{200D48C7-62FF-4572-838D-403B672C8916} = {BD3E0EBF-AD29-4DEC-B6F4-09E800789178}
		{A7B42BE4-EA2E-422E-9CC3-8989FE1A52A7} = {BD3E0EBF-AD29-4DEC-B6F4-09E800789178}
	EndGlobalSection
	GlobalSection(ExtensibilityGlobals) = postSolution
		SolutionGuid = {EC83E505-A05A-4051-B42C-22B5B553237D}
	EndGlobalSection
EndGlobal
